
Microsoft Visual Studio Solution File, Format Version 12.00
# Visual Studio 2013
VisualStudioVersion = 12.0.30723.0
MinimumVisualStudioVersion = 10.0.40219.1
Project("{FAE04EC0-301F-11D3-BF4B-00C04F79EFBC}") = "LaunchSitecoreMvc", "Website\LaunchSitecoreMvc.csproj", "{834A2236-50DC-4E10-AF63-9057F5B6F84E}"
EndProject
Project("{FAE04EC0-301F-11D3-BF4B-00C04F79EFBC}") = "LaunchSitecoreMvc.Api", "Projects\LaunchSitecoreMvc.Api\LaunchSitecoreMvc.Api.csproj", "{C86E6D13-AAAD-4077-B7FA-E583F848108A}"
EndProject
Project("{FAE04EC0-301F-11D3-BF4B-00C04F79EFBC}") = "LaunchSitecoreMvc.Core", "Projects\LaunchSitecoreMvc.Core\LaunchSitecoreMvc.Core.csproj", "{EAF3F82C-3544-488C-8A76-A1D2F93FFC8C}"
EndProject
Global
	GlobalSection(SolutionConfigurationPlatforms) = preSolution
		Debug|Any CPU = Debug|Any CPU
		Release|Any CPU = Release|Any CPU
	EndGlobalSection
	GlobalSection(ProjectConfigurationPlatforms) = postSolution
		{834A2236-50DC-4E10-AF63-9057F5B6F84E}.Debug|Any CPU.ActiveCfg = Debug|Any CPU
		{834A2236-50DC-4E10-AF63-9057F5B6F84E}.Debug|Any CPU.Build.0 = Debug|Any CPU
		{834A2236-50DC-4E10-AF63-9057F5B6F84E}.Release|Any CPU.ActiveCfg = Release|Any CPU
		{834A2236-50DC-4E10-AF63-9057F5B6F84E}.Release|Any CPU.Build.0 = Release|Any CPU
		{C86E6D13-AAAD-4077-B7FA-E583F848108A}.Debug|Any CPU.ActiveCfg = Debug|Any CPU
		{C86E6D13-AAAD-4077-B7FA-E583F848108A}.Debug|Any CPU.Build.0 = Debug|Any CPU
		{C86E6D13-AAAD-4077-B7FA-E583F848108A}.Release|Any CPU.ActiveCfg = Release|Any CPU
		{C86E6D13-AAAD-4077-B7FA-E583F848108A}.Release|Any CPU.Build.0 = Release|Any CPU
		{EAF3F82C-3544-488C-8A76-A1D2F93FFC8C}.Debug|Any CPU.ActiveCfg = Debug|Any CPU
		{EAF3F82C-3544-488C-8A76-A1D2F93FFC8C}.Debug|Any CPU.Build.0 = Debug|Any CPU
		{EAF3F82C-3544-488C-8A76-A1D2F93FFC8C}.Release|Any CPU.ActiveCfg = Release|Any CPU
		{EAF3F82C-3544-488C-8A76-A1D2F93FFC8C}.Release|Any CPU.Build.0 = Release|Any CPU
	EndGlobalSection
	GlobalSection(SolutionProperties) = preSolution
		HideSolutionNode = FALSE
	EndGlobalSection
EndGlobal
